
Microsoft Visual Studio Solution File, Format Version 12.00
# Visual Studio Version 17
VisualStudioVersion = 17.8.34511.84
MinimumVisualStudioVersion = 10.0.40219.1
Project("{888888A0-9F3D-457C-B088-3A5042F75D52}") = "FlaskWebProject2", "FlaskWebProject2.pyproj", "{0FF0F2C8-631B-457D-8A08-B7B8E343B431}"
EndProject
Global
	GlobalSection(SolutionConfigurationPlatforms) = preSolution
		Debug|Any CPU = Debug|Any CPU
		Release|Any CPU = Release|Any CPU
	EndGlobalSection
	GlobalSection(ProjectConfigurationPlatforms) = postSolution
		{0FF0F2C8-631B-457D-8A08-B7B8E343B431}.Debug|Any CPU.ActiveCfg = Debug|Any CPU
		{0FF0F2C8-631B-457D-8A08-B7B8E343B431}.Debug|Any CPU.Build.0 = Debug|Any CPU
		{0FF0F2C8-631B-457D-8A08-B7B8E343B431}.Release|Any CPU.ActiveCfg = Release|Any CPU
		{0FF0F2C8-631B-457D-8A08-B7B8E343B431}.Release|Any CPU.Build.0 = Release|Any CPU
	EndGlobalSection
	GlobalSection(SolutionProperties) = preSolution
		HideSolutionNode = FALSE
	EndGlobalSection
	GlobalSection(ExtensibilityGlobals) = postSolution
		SolutionGuid = {2FFCEA0F-C36D-4230-8271-A57D50E43202}
	EndGlobalSection
EndGlobal
